
Microsoft Visual Studio Solution File, Format Version 12.00
# Visual Studio Version 17
VisualStudioVersion = 17.7.34031.279
MinimumVisualStudioVersion = 10.0.40219.1
Project("{8BC9CEB8-8B4A-11D0-8D11-00A0C91BC942}") = "ZooProject", "ZooProject\ZooProject.vcxproj", "{83EDFAAC-26AF-41BF-B6DB-5E2D28D9EB9A}"
EndProject
Global
	GlobalSection(SolutionConfigurationPlatforms) = preSolution
		Debug|x64 = Debug|x64
		Debug|x86 = Debug|x86
		Release|x64 = Release|x64
		Release|x86 = Release|x86
	EndGlobalSection
	GlobalSection(ProjectConfigurationPlatforms) = postSolution
		{83EDFAAC-26AF-41BF-B6DB-5E2D28D9EB9A}.Debug|x64.ActiveCfg = Debug|x64
		{83EDFAAC-26AF-41BF-B6DB-5E2D28D9EB9A}.Debug|x64.Build.0 = Debug|x64
		{83EDFAAC-26AF-41BF-B6DB-5E2D28D9EB9A}.Debug|x86.ActiveCfg = Debug|Win32
		{83EDFAAC-26AF-41BF-B6DB-5E2D28D9EB9A}.Debug|x86.Build.0 = Debug|Win32
		{83EDFAAC-26AF-41BF-B6DB-5E2D28D9EB9A}.Release|x64.ActiveCfg = Release|x64
		{83EDFAAC-26AF-41BF-B6DB-5E2D28D9EB9A}.Release|x64.Build.0 = Release|x64
		{83EDFAAC-26AF-41BF-B6DB-5E2D28D9EB9A}.Release|x86.ActiveCfg = Release|Win32
		{83EDFAAC-26AF-41BF-B6DB-5E2D28D9EB9A}.Release|x86.Build.0 = Release|Win32
	EndGlobalSection
	GlobalSection(SolutionProperties) = preSolution
		HideSolutionNode = FALSE
	EndGlobalSection
	GlobalSection(ExtensibilityGlobals) = postSolution
		SolutionGuid = {83A68D25-C1AD-4270-9F6D-4960E496227C}
	EndGlobalSection
EndGlobal
